# This file was autogenerated by Stack.
# You should not edit this file by hand.
# For more information, please see the documentation at:
#   https://docs.haskellstack.org/en/stable/topics/lock_files

packages:
- completed:
    hackage: pcap-0.4.5.2@sha256:9f9f64abf126b9bbbe2698dd2ec31d25b445d70aab6c845aadd75ae79b6cc0b3,1313
    pantry-tree:
      sha256: f983bdbf834c409605d3ba8770e600bb7bd230e7dedc2c3c75fd901f402e0eb9
      size: 609
  original:
    hackage: pcap-0.4.5.2
snapshots:
- completed:
    sha256: 057c5a66404132b661211de21bb4490f6df89c162752a17f0df5a0959381b869
    size: 726309
    url: https://raw.githubusercontent.com/commercialhaskell/stackage-snapshots/master/lts/24/10.yaml
  original:
    url: https://raw.githubusercontent.com/commercialhaskell/stackage-snapshots/master/lts/24/10.yaml
